
Microsoft Visual Studio Solution File, Format Version 12.00
Project("{FAE04EC0-301F-11D3-BF4B-00C04F79EFBC}") = "FlowOfControl", "FlowOfControl\FlowOfControl.csproj", "{29B156FD-ADB3-47FF-9B8F-6C5F3AF0843D}"
EndProject
Project("{FAE04EC0-301F-11D3-BF4B-00C04F79EFBC}") = "FunkcjeProceduryMetodyWyjątki", "FunkcjeProceduryMetodyWyjątki\FunkcjeProceduryMetodyWyjątki.csproj", "{D7379518-6282-4BEF-B75F-8C6108C55CB2}"
EndProject
Project("{FAE04EC0-301F-11D3-BF4B-00C04F79EFBC}") = "Tablice", "Tablice\Tablice.csproj", "{4EFA04E5-EBD8-49E8-8C7C-A4734884D47B}"
EndProject
Project("{FAE04EC0-301F-11D3-BF4B-00C04F79EFBC}") = "ProjektowanieKlasy", "ProjektowanieKlasy\ProjektowanieKlasy.csproj", "{63B2206F-587B-438C-AC43-6753E23C9434}"
EndProject
Project("{FAE04EC0-301F-11D3-BF4B-00C04F79EFBC}") = "DefiniowanieKlasDziedziczenie", "DefiniowanieKlasDziedziczenie\DefiniowanieKlasDziedziczenie.csproj", "{B636DE85-8520-47A3-8122-25A7AE998D2D}"
EndProject
Project("{FAE04EC0-301F-11D3-BF4B-00C04F79EFBC}") = "KolekcjeStandardowe", "KolekcjeStandardowe\KolekcjeStandardowe.csproj", "{A05C8F27-8EF4-457A-A243-BAED572C486A}"
EndProject
Global
	GlobalSection(SolutionConfigurationPlatforms) = preSolution
		Debug|Any CPU = Debug|Any CPU
		Release|Any CPU = Release|Any CPU
	EndGlobalSection
	GlobalSection(ProjectConfigurationPlatforms) = postSolution
		{29B156FD-ADB3-47FF-9B8F-6C5F3AF0843D}.Debug|Any CPU.ActiveCfg = Debug|Any CPU
		{29B156FD-ADB3-47FF-9B8F-6C5F3AF0843D}.Debug|Any CPU.Build.0 = Debug|Any CPU
		{29B156FD-ADB3-47FF-9B8F-6C5F3AF0843D}.Release|Any CPU.ActiveCfg = Release|Any CPU
		{29B156FD-ADB3-47FF-9B8F-6C5F3AF0843D}.Release|Any CPU.Build.0 = Release|Any CPU
		{D7379518-6282-4BEF-B75F-8C6108C55CB2}.Debug|Any CPU.ActiveCfg = Debug|Any CPU
		{D7379518-6282-4BEF-B75F-8C6108C55CB2}.Debug|Any CPU.Build.0 = Debug|Any CPU
		{D7379518-6282-4BEF-B75F-8C6108C55CB2}.Release|Any CPU.ActiveCfg = Release|Any CPU
		{D7379518-6282-4BEF-B75F-8C6108C55CB2}.Release|Any CPU.Build.0 = Release|Any CPU
		{4EFA04E5-EBD8-49E8-8C7C-A4734884D47B}.Debug|Any CPU.ActiveCfg = Debug|Any CPU
		{4EFA04E5-EBD8-49E8-8C7C-A4734884D47B}.Debug|Any CPU.Build.0 = Debug|Any CPU
		{4EFA04E5-EBD8-49E8-8C7C-A4734884D47B}.Release|Any CPU.ActiveCfg = Release|Any CPU
		{4EFA04E5-EBD8-49E8-8C7C-A4734884D47B}.Release|Any CPU.Build.0 = Release|Any CPU
		{63B2206F-587B-438C-AC43-6753E23C9434}.Debug|Any CPU.ActiveCfg = Debug|Any CPU
		{63B2206F-587B-438C-AC43-6753E23C9434}.Debug|Any CPU.Build.0 = Debug|Any CPU
		{63B2206F-587B-438C-AC43-6753E23C9434}.Release|Any CPU.ActiveCfg = Release|Any CPU
		{63B2206F-587B-438C-AC43-6753E23C9434}.Release|Any CPU.Build.0 = Release|Any CPU
		{B636DE85-8520-47A3-8122-25A7AE998D2D}.Debug|Any CPU.ActiveCfg = Debug|Any CPU
		{B636DE85-8520-47A3-8122-25A7AE998D2D}.Debug|Any CPU.Build.0 = Debug|Any CPU
		{B636DE85-8520-47A3-8122-25A7AE998D2D}.Release|Any CPU.ActiveCfg = Release|Any CPU
		{B636DE85-8520-47A3-8122-25A7AE998D2D}.Release|Any CPU.Build.0 = Release|Any CPU
		{A05C8F27-8EF4-457A-A243-BAED572C486A}.Debug|Any CPU.ActiveCfg = Debug|Any CPU
		{A05C8F27-8EF4-457A-A243-BAED572C486A}.Debug|Any CPU.Build.0 = Debug|Any CPU
		{A05C8F27-8EF4-457A-A243-BAED572C486A}.Release|Any CPU.ActiveCfg = Release|Any CPU
		{A05C8F27-8EF4-457A-A243-BAED572C486A}.Release|Any CPU.Build.0 = Release|Any CPU
	EndGlobalSection
EndGlobal
